
Microsoft Visual Studio Solution File, Format Version 12.00
# Visual Studio Version 16
VisualStudioVersion = 16.0.30907.101
MinimumVisualStudioVersion = 10.0.40219.1
Project("{8BC9CEB8-8B4A-11D0-8D11-00A0C91BC942}") = "CSGOInternalHack", "CSGOInternalHack\CSGOInternalHack.vcxproj", "{ADFB0440-C8F6-4D72-8641-2CA299E05802}"
EndProject
Project("{8BC9CEB8-8B4A-11D0-8D11-00A0C91BC942}") = "TrampolineHook", "TrampolineHook\TrampolineHook.vcxproj", "{96C8F4C7-40BE-4470-B728-0EF8B70D4BED}"
EndProject
Project("{8BC9CEB8-8B4A-11D0-8D11-00A0C91BC942}") = "OpenGLHooking", "OpenGLHooking\OpenGLHooking.vcxproj", "{86BE1EF5-CCC7-41D3-96E4-7D038A96C118}"
EndProject
Project("{8BC9CEB8-8B4A-11D0-8D11-00A0C91BC942}") = "D3D9Hook", "D3D9Hook\D3D9Hook.vcxproj", "{5C101340-6068-478A-80B2-C931A54819C1}"
EndProject
Global
	GlobalSection(SolutionConfigurationPlatforms) = preSolution
		Debug|x64 = Debug|x64
		Debug|x86 = Debug|x86
		Release|x64 = Release|x64
		Release|x86 = Release|x86
	EndGlobalSection
	GlobalSection(ProjectConfigurationPlatforms) = postSolution
		{ADFB0440-C8F6-4D72-8641-2CA299E05802}.Debug|x64.ActiveCfg = Debug|x64
		{ADFB0440-C8F6-4D72-8641-2CA299E05802}.Debug|x64.Build.0 = Debug|x64
		{ADFB0440-C8F6-4D72-8641-2CA299E05802}.Debug|x86.ActiveCfg = Debug|Win32
		{ADFB0440-C8F6-4D72-8641-2CA299E05802}.Debug|x86.Build.0 = Debug|Win32
		{ADFB0440-C8F6-4D72-8641-2CA299E05802}.Release|x64.ActiveCfg = Release|x64
		{ADFB0440-C8F6-4D72-8641-2CA299E05802}.Release|x64.Build.0 = Release|x64
		{ADFB0440-C8F6-4D72-8641-2CA299E05802}.Release|x86.ActiveCfg = Release|Win32
		{ADFB0440-C8F6-4D72-8641-2CA299E05802}.Release|x86.Build.0 = Release|Win32
		{96C8F4C7-40BE-4470-B728-0EF8B70D4BED}.Debug|x64.ActiveCfg = Debug|x64
		{96C8F4C7-40BE-4470-B728-0EF8B70D4BED}.Debug|x64.Build.0 = Debug|x64
		{96C8F4C7-40BE-4470-B728-0EF8B70D4BED}.Debug|x86.ActiveCfg = Debug|Win32
		{96C8F4C7-40BE-4470-B728-0EF8B70D4BED}.Debug|x86.Build.0 = Debug|Win32
		{96C8F4C7-40BE-4470-B728-0EF8B70D4BED}.Release|x64.ActiveCfg = Release|x64
		{96C8F4C7-40BE-4470-B728-0EF8B70D4BED}.Release|x64.Build.0 = Release|x64
		{96C8F4C7-40BE-4470-B728-0EF8B70D4BED}.Release|x86.ActiveCfg = Release|Win32
		{96C8F4C7-40BE-4470-B728-0EF8B70D4BED}.Release|x86.Build.0 = Release|Win32
		{86BE1EF5-CCC7-41D3-96E4-7D038A96C118}.Debug|x64.ActiveCfg = Debug|x64
		{86BE1EF5-CCC7-41D3-96E4-7D038A96C118}.Debug|x64.Build.0 = Debug|x64
		{86BE1EF5-CCC7-41D3-96E4-7D038A96C118}.Debug|x86.ActiveCfg = Debug|Win32
		{86BE1EF5-CCC7-41D3-96E4-7D038A96C118}.Debug|x86.Build.0 = Debug|Win32
		{86BE1EF5-CCC7-41D3-96E4-7D038A96C118}.Release|x64.ActiveCfg = Release|x64
		{86BE1EF5-CCC7-41D3-96E4-7D038A96C118}.Release|x64.Build.0 = Release|x64
		{86BE1EF5-CCC7-41D3-96E4-7D038A96C118}.Release|x86.ActiveCfg = Release|Win32
		{86BE1EF5-CCC7-41D3-96E4-7D038A96C118}.Release|x86.Build.0 = Release|Win32
		{5C101340-6068-478A-80B2-C931A54819C1}.Debug|x64.ActiveCfg = Debug|x64
		{5C101340-6068-478A-80B2-C931A54819C1}.Debug|x64.Build.0 = Debug|x64
		{5C101340-6068-478A-80B2-C931A54819C1}.Debug|x86.ActiveCfg = Debug|Win32
		{5C101340-6068-478A-80B2-C931A54819C1}.Debug|x86.Build.0 = Debug|Win32
		{5C101340-6068-478A-80B2-C931A54819C1}.Release|x64.ActiveCfg = Release|x64
		{5C101340-6068-478A-80B2-C931A54819C1}.Release|x64.Build.0 = Release|x64
		{5C101340-6068-478A-80B2-C931A54819C1}.Release|x86.ActiveCfg = Release|Win32
		{5C101340-6068-478A-80B2-C931A54819C1}.Release|x86.Build.0 = Release|Win32
	EndGlobalSection
	GlobalSection(SolutionProperties) = preSolution
		HideSolutionNode = FALSE
	EndGlobalSection
	GlobalSection(ExtensibilityGlobals) = postSolution
		SolutionGuid = {2BE56D8B-FCDC-4820-9F1C-76F17D5DFA8D}
	EndGlobalSection
EndGlobal
